
Microsoft Visual Studio Solution File, Format Version 12.00
# Visual Studio Version 17
VisualStudioVersion = 17.13.35818.85 d17.13
MinimumVisualStudioVersion = 10.0.40219.1
Project("{FAE04EC0-301F-11D3-BF4B-00C04F79EFBC}") = "Estudo_Command", "Estudo_Command.csproj", "{4655CEC8-50AC-49AC-9FF1-1FD2796D1F88}"
EndProject
Global
	GlobalSection(SolutionConfigurationPlatforms) = preSolution
		Debug|Any CPU = Debug|Any CPU
		Release|Any CPU = Release|Any CPU
	EndGlobalSection
	GlobalSection(ProjectConfigurationPlatforms) = postSolution
		{4655CEC8-50AC-49AC-9FF1-1FD2796D1F88}.Debug|Any CPU.ActiveCfg = Debug|Any CPU
		{4655CEC8-50AC-49AC-9FF1-1FD2796D1F88}.Debug|Any CPU.Build.0 = Debug|Any CPU
		{4655CEC8-50AC-49AC-9FF1-1FD2796D1F88}.Release|Any CPU.ActiveCfg = Release|Any CPU
		{4655CEC8-50AC-49AC-9FF1-1FD2796D1F88}.Release|Any CPU.Build.0 = Release|Any CPU
	EndGlobalSection
	GlobalSection(SolutionProperties) = preSolution
		HideSolutionNode = FALSE
	EndGlobalSection
	GlobalSection(ExtensibilityGlobals) = postSolution
		SolutionGuid = {328BD7CE-9555-4706-8D1F-0B2FAF721727}
	EndGlobalSection
EndGlobal
