
Microsoft Visual Studio Solution File, Format Version 12.00
# Visual Studio Version 17
VisualStudioVersion = 17.13.35818.85 d17.13
MinimumVisualStudioVersion = 10.0.40219.1
Project("{FAE04EC0-301F-11D3-BF4B-00C04F79EFBC}") = "Estudo", "Estudo.csproj", "{FD5D9C7B-B48B-42DF-BE8F-FB503F7D47FD}"
EndProject
Global
	GlobalSection(SolutionConfigurationPlatforms) = preSolution
		Debug|Any CPU = Debug|Any CPU
		Release|Any CPU = Release|Any CPU
	EndGlobalSection
	GlobalSection(ProjectConfigurationPlatforms) = postSolution
		{FD5D9C7B-B48B-42DF-BE8F-FB503F7D47FD}.Debug|Any CPU.ActiveCfg = Debug|Any CPU
		{FD5D9C7B-B48B-42DF-BE8F-FB503F7D47FD}.Debug|Any CPU.Build.0 = Debug|Any CPU
		{FD5D9C7B-B48B-42DF-BE8F-FB503F7D47FD}.Release|Any CPU.ActiveCfg = Release|Any CPU
		{FD5D9C7B-B48B-42DF-BE8F-FB503F7D47FD}.Release|Any CPU.Build.0 = Release|Any CPU
	EndGlobalSection
	GlobalSection(SolutionProperties) = preSolution
		HideSolutionNode = FALSE
	EndGlobalSection
	GlobalSection(ExtensibilityGlobals) = postSolution
		SolutionGuid = {162387EC-B9DA-4DED-BB83-C5F197DA6F8C}
	EndGlobalSection
EndGlobal
